
Microsoft Visual Studio Solution File, Format Version 12.00
# Visual Studio Version 17
VisualStudioVersion = 17.7.34221.43
MinimumVisualStudioVersion = 10.0.40219.1
Project("{FAE04EC0-301F-11D3-BF4B-00C04F79EFBC}") = "MethodCollection", "MethodCollection.csproj", "{C6B3164C-73F1-4CC4-B6B1-F7CBBE5623C6}"
EndProject
Global
	GlobalSection(SolutionConfigurationPlatforms) = preSolution
		Debug|Any CPU = Debug|Any CPU
		Release|Any CPU = Release|Any CPU
	EndGlobalSection
	GlobalSection(ProjectConfigurationPlatforms) = postSolution
		{C6B3164C-73F1-4CC4-B6B1-F7CBBE5623C6}.Debug|Any CPU.ActiveCfg = Debug|Any CPU
		{C6B3164C-73F1-4CC4-B6B1-F7CBBE5623C6}.Debug|Any CPU.Build.0 = Debug|Any CPU
		{C6B3164C-73F1-4CC4-B6B1-F7CBBE5623C6}.Release|Any CPU.ActiveCfg = Release|Any CPU
		{C6B3164C-73F1-4CC4-B6B1-F7CBBE5623C6}.Release|Any CPU.Build.0 = Release|Any CPU
	EndGlobalSection
	GlobalSection(SolutionProperties) = preSolution
		HideSolutionNode = FALSE
	EndGlobalSection
	GlobalSection(ExtensibilityGlobals) = postSolution
		SolutionGuid = {AA2E6147-C02E-4EAC-A782-152DF0B5866A}
	EndGlobalSection
EndGlobal
